{
  "lockfileVersion": 1,
  "workspaces": {
    "": {
      "name": "app2",
      "dependencies": {
        "react": "^19.2.0",
        "react-dom": "^19.2.0",
      },
      "devDependencies": {
        "@rsbuild/core": "^1.6.0",
        "@rsbuild/plugin-react": "^1.4.1",
        "prettier": "^3.6.2",
      },
    },
  },
  "packages": {
    "@emnapi/core": ["@emnapi/core@1.7.0", "https://registry.npmmirror.com/@emnapi/core/-/core-1.7.0.tgz", { "dependencies": { "@emnapi/wasi-threads": "1.1.0", "tslib": "^2.4.0" } }, "sha512-pJdKGq/1iquWYtv1RRSljZklxHCOCAJFJrImO5ZLKPJVJlVUcs8yFwNQlqS0Lo8xT1VAXXTCZocF9n26FWEKsw=="],

    "@emnapi/runtime": ["@emnapi/runtime@1.7.0", "https://registry.npmmirror.com/@emnapi/runtime/-/runtime-1.7.0.tgz", { "dependencies": { "tslib": "^2.4.0" } }, "sha512-oAYoQnCYaQZKVS53Fq23ceWMRxq5EhQsE0x0RdQ55jT7wagMu5k+fS39v1fiSLrtrLQlXwVINenqhLMtTrV/1Q=="],

    "@emnapi/wasi-threads": ["@emnapi/wasi-threads@1.1.0", "https://registry.npmmirror.com/@emnapi/wasi-threads/-/wasi-threads-1.1.0.tgz", { "dependencies": { "tslib": "^2.4.0" } }, "sha512-WI0DdZ8xFSbgMjR1sFsKABJ/C5OnRrjT06JXbZKexJGrDuPTzZdDYfFlsgcCXCyf+suG5QU2e/y1Wo2V/OapLQ=="],

    "@module-federation/error-codes": ["@module-federation/error-codes@0.21.2", "https://registry.npmmirror.com/@module-federation/error-codes/-/error-codes-0.21.2.tgz", {}, "sha512-mGbPAAApgjmQUl4J7WAt20aV04a26TyS21GDEpOGXFEQG5FqmZnSJ6FqB8K19HgTKioBT1+fF/Ctl5bGGao/EA=="],

    "@module-federation/runtime": ["@module-federation/runtime@0.21.2", "https://registry.npmmirror.com/@module-federation/runtime/-/runtime-0.21.2.tgz", { "dependencies": { "@module-federation/error-codes": "0.21.2", "@module-federation/runtime-core": "0.21.2", "@module-federation/sdk": "0.21.2" } }, "sha512-97jlOx4RAnAHMBTfgU5FBK6+V/pfT6GNX0YjSf8G+uJ3lFy74Y6kg/BevEkChTGw5waCLAkw/pw4LmntYcNN7g=="],

    "@module-federation/runtime-core": ["@module-federation/runtime-core@0.21.2", "https://registry.npmmirror.com/@module-federation/runtime-core/-/runtime-core-0.21.2.tgz", { "dependencies": { "@module-federation/error-codes": "0.21.2", "@module-federation/sdk": "0.21.2" } }, "sha512-LtDnccPxjR8Xqa3daRYr1cH/6vUzK3mQSzgvnfsUm1fXte5syX4ftWw3Eu55VdqNY3yREFRn77AXdu9PfPEZRw=="],

    "@module-federation/runtime-tools": ["@module-federation/runtime-tools@0.21.2", "https://registry.npmmirror.com/@module-federation/runtime-tools/-/runtime-tools-0.21.2.tgz", { "dependencies": { "@module-federation/runtime": "0.21.2", "@module-federation/webpack-bundler-runtime": "0.21.2" } }, "sha512-SgG9NWTYGNYcHSd5MepO3AXf6DNXriIo4sKKM4mu4RqfYhHyP+yNjnF/gvYJl52VD61g0nADmzLWzBqxOqk2tg=="],

    "@module-federation/sdk": ["@module-federation/sdk@0.21.2", "https://registry.npmmirror.com/@module-federation/sdk/-/sdk-0.21.2.tgz", {}, "sha512-t2vHSJ1a9zjg7LLJoEghcytNLzeFCqOat5TbXTav5dgU0xXw82Cf0EfLrxiJL6uUpgbtyvUdqqa2DVAvMPjiiA=="],

    "@module-federation/webpack-bundler-runtime": ["@module-federation/webpack-bundler-runtime@0.21.2", "https://registry.npmmirror.com/@module-federation/webpack-bundler-runtime/-/webpack-bundler-runtime-0.21.2.tgz", { "dependencies": { "@module-federation/runtime": "0.21.2", "@module-federation/sdk": "0.21.2" } }, "sha512-06R/NDY6Uh5RBIaBOFwYWzJCf1dIiQd/DFHToBVhejUT3ZFG7GzHEPIIsAGqMzne/JSmVsvjlXiJu7UthQ6rFA=="],

    "@napi-rs/wasm-runtime": ["@napi-rs/wasm-runtime@1.0.7", "https://registry.npmmirror.com/@napi-rs/wasm-runtime/-/wasm-runtime-1.0.7.tgz", { "dependencies": { "@emnapi/core": "^1.5.0", "@emnapi/runtime": "^1.5.0", "@tybys/wasm-util": "^0.10.1" } }, "sha512-SeDnOO0Tk7Okiq6DbXmmBODgOAb9dp9gjlphokTUxmt8U3liIP1ZsozBahH69j/RJv+Rfs6IwUKHTgQYJ/HBAw=="],

    "@rsbuild/core": ["@rsbuild/core@1.6.2", "https://registry.npmmirror.com/@rsbuild/core/-/core-1.6.2.tgz", { "dependencies": { "@rspack/core": "1.6.1", "@rspack/lite-tapable": "~1.0.1", "@swc/helpers": "^0.5.17", "core-js": "~3.46.0", "jiti": "^2.6.1" }, "bin": { "rsbuild": "bin/rsbuild.js" } }, "sha512-ELlc23tDCYaXCwB//bOIF/Gnx1TtFey/DBgFDD/oN6PK7aKpAGIVSk6n9aHH3GRNXNtG/sLFtjucVm7Le3lvCA=="],

    "@rsbuild/plugin-react": ["@rsbuild/plugin-react@1.4.1", "https://registry.npmmirror.com/@rsbuild/plugin-react/-/plugin-react-1.4.1.tgz", { "dependencies": { "@rspack/plugin-react-refresh": "^1.5.1", "react-refresh": "^0.17.0" }, "peerDependencies": { "@rsbuild/core": "1.x" } }, "sha512-kahvnfRPQTsG0tReR6h0KuVfyjKJfpv/PoU5qW5SDkON7vmbGn8Jx7l3fI+yU3lR/7qDiAO19QnNjkqxPsFT3Q=="],

    "@rspack/binding": ["@rspack/binding@1.6.1", "https://registry.npmmirror.com/@rspack/binding/-/binding-1.6.1.tgz", { "optionalDependencies": { "@rspack/binding-darwin-arm64": "1.6.1", "@rspack/binding-darwin-x64": "1.6.1", "@rspack/binding-linux-arm64-gnu": "1.6.1", "@rspack/binding-linux-arm64-musl": "1.6.1", "@rspack/binding-linux-x64-gnu": "1.6.1", "@rspack/binding-linux-x64-musl": "1.6.1", "@rspack/binding-wasm32-wasi": "1.6.1", "@rspack/binding-win32-arm64-msvc": "1.6.1", "@rspack/binding-win32-ia32-msvc": "1.6.1", "@rspack/binding-win32-x64-msvc": "1.6.1" } }, "sha512-6duvh3CbDA3c4HpNkzIOP9z1wn/mKY1Mrxj+AqgcNvsE0ppp1iKlMsJCDgl7SlUauus2AgtM1dIEU+0sRajmwQ=="],

    "@rspack/binding-darwin-arm64": ["@rspack/binding-darwin-arm64@1.6.1", "https://registry.npmmirror.com/@rspack/binding-darwin-arm64/-/binding-darwin-arm64-1.6.1.tgz", { "os": "darwin", "cpu": "arm64" }, "sha512-am7gVsqicKY/FhDfNa/InHxrBd3wRt6rI7sFTaunKaPbPERjWSKr/sI47tB3t8uNYmLQFFhWFijomAhDyrlHMg=="],

    "@rspack/binding-darwin-x64": ["@rspack/binding-darwin-x64@1.6.1", "https://registry.npmmirror.com/@rspack/binding-darwin-x64/-/binding-darwin-x64-1.6.1.tgz", { "os": "darwin", "cpu": "x64" }, "sha512-uadcJOal5YTg191+kvi47I0b+U0sRKe8vKFjMXYOrSIcbXGVRdBxROt/HMlKnvg0u/A83f6AABiY6MA2fCs/gw=="],

    "@rspack/binding-linux-arm64-gnu": ["@rspack/binding-linux-arm64-gnu@1.6.1", "https://registry.npmmirror.com/@rspack/binding-linux-arm64-gnu/-/binding-linux-arm64-gnu-1.6.1.tgz", { "os": "linux", "cpu": "arm64" }, "sha512-n7UGSBzv7PiX+V1Q2bY3S1XWyN3RCykCQUgfhZ+xWietCM/1349jgN7DoXKPllqlof1GPGBjziHU0sQZTC4tag=="],

    "@rspack/binding-linux-arm64-musl": ["@rspack/binding-linux-arm64-musl@1.6.1", "https://registry.npmmirror.com/@rspack/binding-linux-arm64-musl/-/binding-linux-arm64-musl-1.6.1.tgz", { "os": "linux", "cpu": "arm64" }, "sha512-P7nx0jsKxx7g3QAnH9UnJDGVgs1M2H7ZQl68SRyrs42TKOd9Md22ynoMIgCK1zoy+skssU6MhWptluSggXqSrA=="],

    "@rspack/binding-linux-x64-gnu": ["@rspack/binding-linux-x64-gnu@1.6.1", "https://registry.npmmirror.com/@rspack/binding-linux-x64-gnu/-/binding-linux-x64-gnu-1.6.1.tgz", { "os": "linux", "cpu": "x64" }, "sha512-SdiurC1bV/QHnj7rmrBYJLdsat3uUDWl9KjkVjEbtc8kQV0Ri4/vZRH0nswgzx7hZNY2j0jYuCm5O8+3qeJEMg=="],

    "@rspack/binding-linux-x64-musl": ["@rspack/binding-linux-x64-musl@1.6.1", "https://registry.npmmirror.com/@rspack/binding-linux-x64-musl/-/binding-linux-x64-musl-1.6.1.tgz", { "os": "linux", "cpu": "x64" }, "sha512-JoSJu29nV+auOePhe8x2Fzqxiga1YGNcOMWKJ5Uj8rHBZ8FPAiiE+CpLG8TwfpHsivojrY/sy6fE8JldYLV5TQ=="],

    "@rspack/binding-wasm32-wasi": ["@rspack/binding-wasm32-wasi@1.6.1", "https://registry.npmmirror.com/@rspack/binding-wasm32-wasi/-/binding-wasm32-wasi-1.6.1.tgz", { "dependencies": { "@napi-rs/wasm-runtime": "1.0.7" }, "cpu": "none" }, "sha512-u5NiSHxM7LtIo4cebq/hQPJ9o39u127am3eVJHDzdmBVhTYYO5l7XVUnFmcU8hNHuj/4lJzkFviWFbf3SaRSYA=="],

    "@rspack/binding-win32-arm64-msvc": ["@rspack/binding-win32-arm64-msvc@1.6.1", "https://registry.npmmirror.com/@rspack/binding-win32-arm64-msvc/-/binding-win32-arm64-msvc-1.6.1.tgz", { "os": "win32", "cpu": "arm64" }, "sha512-u2Lm4iyUstX/H4JavHnFLIlXQwMka6WVvG2XH8uRd6ziNTh0k/u9jlFADzhdZMvxj63L2hNXCs7TrMZTx2VObQ=="],

    "@rspack/binding-win32-ia32-msvc": ["@rspack/binding-win32-ia32-msvc@1.6.1", "https://registry.npmmirror.com/@rspack/binding-win32-ia32-msvc/-/binding-win32-ia32-msvc-1.6.1.tgz", { "os": "win32", "cpu": "ia32" }, "sha512-/rMU4pjnQeYnkrXmlqeEPiUNT1wHfJ8GR5v2zqcHXBQkAtic3ZsLwjHpucJjrfRsN5CcVChxJl/T7ozlITfcYw=="],

    "@rspack/binding-win32-x64-msvc": ["@rspack/binding-win32-x64-msvc@1.6.1", "https://registry.npmmirror.com/@rspack/binding-win32-x64-msvc/-/binding-win32-x64-msvc-1.6.1.tgz", { "os": "win32", "cpu": "x64" }, "sha512-8qsdb5COuZF5Trimo3HHz3N0KuRtrPtRCMK/wi7DOT1nR6CpUeUMPTjvtPl/O/QezQje+cpBFTa5BaQ1WKlHhw=="],

    "@rspack/core": ["@rspack/core@1.6.1", "https://registry.npmmirror.com/@rspack/core/-/core-1.6.1.tgz", { "dependencies": { "@module-federation/runtime-tools": "0.21.2", "@rspack/binding": "1.6.1", "@rspack/lite-tapable": "1.0.1" }, "peerDependencies": { "@swc/helpers": ">=0.5.1" }, "optionalPeers": ["@swc/helpers"] }, "sha512-hZVrmiZoBTchWUdh/XbeJ5z+GqHW5aPYeufBigmtUeyzul8uJtHlWKmQhpG+lplMf6o1RESTjjxl632TP/Cfhg=="],

    "@rspack/lite-tapable": ["@rspack/lite-tapable@1.0.1", "https://registry.npmmirror.com/@rspack/lite-tapable/-/lite-tapable-1.0.1.tgz", {}, "sha512-VynGOEsVw2s8TAlLf/uESfrgfrq2+rcXB1muPJYBWbsm1Oa6r5qVQhjA5ggM6z/coYPrsVMgovl3Ff7Q7OCp1w=="],

    "@rspack/plugin-react-refresh": ["@rspack/plugin-react-refresh@1.5.2", "https://registry.npmmirror.com/@rspack/plugin-react-refresh/-/plugin-react-refresh-1.5.2.tgz", { "dependencies": { "error-stack-parser": "^2.1.4", "html-entities": "^2.6.0" }, "peerDependencies": { "react-refresh": ">=0.10.0 <1.0.0", "webpack-hot-middleware": "2.x" }, "optionalPeers": ["webpack-hot-middleware"] }, "sha512-uTbN6P01LPdQOnl5YNwHkN4hDsb9Sb5nIetQb55mPyFiJnu9MQetmBUm+tmh8JJg0QPv4Ew7tXgi4hjpHFY3Rw=="],

    "@swc/helpers": ["@swc/helpers@0.5.17", "https://registry.npmmirror.com/@swc/helpers/-/helpers-0.5.17.tgz", { "dependencies": { "tslib": "^2.8.0" } }, "sha512-5IKx/Y13RsYd+sauPb2x+U/xZikHjolzfuDgTAl/Tdf3Q8rslRvC19NKDLgAJQ6wsqADk10ntlv08nPFw/gO/A=="],

    "@tybys/wasm-util": ["@tybys/wasm-util@0.10.1", "https://registry.npmmirror.com/@tybys/wasm-util/-/wasm-util-0.10.1.tgz", { "dependencies": { "tslib": "^2.4.0" } }, "sha512-9tTaPJLSiejZKx+Bmog4uSubteqTvFrVrURwkmHixBo0G4seD0zUxp98E1DzUBJxLQ3NPwXrGKDiVjwx/DpPsg=="],

    "core-js": ["core-js@3.46.0", "https://registry.npmmirror.com/core-js/-/core-js-3.46.0.tgz", {}, "sha512-vDMm9B0xnqqZ8uSBpZ8sNtRtOdmfShrvT6h2TuQGLs0Is+cR0DYbj/KWP6ALVNbWPpqA/qPLoOuppJN07humpA=="],

    "error-stack-parser": ["error-stack-parser@2.1.4", "https://registry.npmmirror.com/error-stack-parser/-/error-stack-parser-2.1.4.tgz", { "dependencies": { "stackframe": "^1.3.4" } }, "sha512-Sk5V6wVazPhq5MhpO+AUxJn5x7XSXGl1R93Vn7i+zS15KDVxQijejNCrz8340/2bgLBjR9GtEG8ZVKONDjcqGQ=="],

    "html-entities": ["html-entities@2.6.0", "https://registry.npmmirror.com/html-entities/-/html-entities-2.6.0.tgz", {}, "sha512-kig+rMn/QOVRvr7c86gQ8lWXq+Hkv6CbAH1hLu+RG338StTpE8Z0b44SDVaqVu7HGKf27frdmUYEs9hTUX/cLQ=="],

    "jiti": ["jiti@2.6.1", "https://registry.npmmirror.com/jiti/-/jiti-2.6.1.tgz", { "bin": { "jiti": "lib/jiti-cli.mjs" } }, "sha512-ekilCSN1jwRvIbgeg/57YFh8qQDNbwDb9xT/qu2DAHbFFZUicIl4ygVaAvzveMhMVr3LnpSKTNnwt8PoOfmKhQ=="],

    "prettier": ["prettier@3.6.2", "https://registry.npmmirror.com/prettier/-/prettier-3.6.2.tgz", { "bin": { "prettier": "bin/prettier.cjs" } }, "sha512-I7AIg5boAr5R0FFtJ6rCfD+LFsWHp81dolrFD8S79U9tb8Az2nGrJncnMSnys+bpQJfRUzqs9hnA81OAA3hCuQ=="],

    "react": ["react@19.2.0", "https://registry.npmmirror.com/react/-/react-19.2.0.tgz", {}, "sha512-tmbWg6W31tQLeB5cdIBOicJDJRR2KzXsV7uSK9iNfLWQ5bIZfxuPEHp7M8wiHyHnn0DD1i7w3Zmin0FtkrwoCQ=="],

    "react-dom": ["react-dom@19.2.0", "https://registry.npmmirror.com/react-dom/-/react-dom-19.2.0.tgz", { "dependencies": { "scheduler": "^0.27.0" }, "peerDependencies": { "react": "^19.2.0" } }, "sha512-UlbRu4cAiGaIewkPyiRGJk0imDN2T3JjieT6spoL2UeSf5od4n5LB/mQ4ejmxhCFT1tYe8IvaFulzynWovsEFQ=="],

    "react-refresh": ["react-refresh@0.17.0", "https://registry.npmmirror.com/react-refresh/-/react-refresh-0.17.0.tgz", {}, "sha512-z6F7K9bV85EfseRCp2bzrpyQ0Gkw1uLoCel9XBVWPg/TjRj94SkJzUTGfOa4bs7iJvBWtQG0Wq7wnI0syw3EBQ=="],

    "scheduler": ["scheduler@0.27.0", "https://registry.npmmirror.com/scheduler/-/scheduler-0.27.0.tgz", {}, "sha512-eNv+WrVbKu1f3vbYJT/xtiF5syA5HPIMtf9IgY/nKg0sWqzAUEvqY/xm7OcZc/qafLx/iO9FgOmeSAp4v5ti/Q=="],

    "stackframe": ["stackframe@1.3.4", "https://registry.npmmirror.com/stackframe/-/stackframe-1.3.4.tgz", {}, "sha512-oeVtt7eWQS+Na6F//S4kJ2K2VbRlS9D43mAlMyVpVWovy9o+jfgH8O9agzANzaiLjclA0oYzUXEM4PurhSUChw=="],

    "tslib": ["tslib@2.8.1", "https://registry.npmmirror.com/tslib/-/tslib-2.8.1.tgz", {}, "sha512-oJFu94HQb+KVduSUQL7wnpmqnfmLsOA/nAh6b6EH0wCEoK0/mPeXU6c3wKDV83MkOuHPRHtSXKKU99IBazS/2w=="],
  }
}
